// !$*UTF8*$!
{
	archiveVersion = 1;
	classes = {
	};
	objectVersion = 51;
	objects = {

/* Begin PBXBuildFile section */
		0A9E5B6991A3C0DB56409AC2 /* AppDelegate.swift in Sources */ = {isa = PBXBuildFile; fileRef = EEF1514474D72610760748B6 /* AppDelegate.swift */; };
		3F025BAC00000861F00F6DEC /* Pods_macOS_Example.framework in Frameworks */ = {isa = PBXBuildFile; fileRef = B98CA5CE1BD0D9ABE18665D0 /* Pods_macOS_Example.framework */; };
/* End PBXBuildFile section */

/* Begin PBXFileReference section */
		0097D207F86BB70C821123EF /* Pods-iOS_Example.watchOS_Example.watchOS_Example_Extension.release.xcconfig */ = {isa = PBXFileReference; includeInIndex = 1; lastKnownFileType = text.xcconfig; name = "Pods-iOS_Example.watchOS_Example.watchOS_Example_Extension.release.xcconfig"; path = "Target Support Files/Pods-iOS_Example.watchOS_Example.watchOS_Example_Extension/Pods-iOS_Example.watchOS_Example.watchOS_Example_Extension.release.xcconfig"; sourceTree = "<group>"; };
		0528478928AD359424330612 /* Pods-tvOS_Example.release.xcconfig */ = {isa = PBXFileReference; includeInIndex = 1; lastKnownFileType = text.xcconfig; name = "Pods-tvOS_Example.release.xcconfig"; path = "Target Support Files/Pods-tvOS_Example/Pods-tvOS_Example.release.xcconfig"; sourceTree = "<group>"; };
		18CF82576333DF3DF85A747C /* Pods_tvOS_Example.framework */ = {isa = PBXFileReference; explicitFileType = wrapper.framework; includeInIndex = 0; path = Pods_tvOS_Example.framework; sourceTree = BUILT_PRODUCTS_DIR; };
		1FE1BD9C2DC64CB4B480F6BB /* Pods-iOS_Example.release.xcconfig */ = {isa = PBXFileReference; includeInIndex = 1; lastKnownFileType = text.xcconfig; name = "Pods-iOS_Example.release.xcconfig"; path = "Target Support Files/Pods-iOS_Example/Pods-iOS_Example.release.xcconfig"; sourceTree = "<group>"; };
		3E09523F950CE5416523E721 /* Pods-iOS_Example.watchOS_Example.release.xcconfig */ = {isa = PBXFileReference; includeInIndex = 1; lastKnownFileType = text.xcconfig; name = "Pods-iOS_Example.watchOS_Example.release.xcconfig"; path = "Target Support Files/Pods-iOS_Example.watchOS_Example/Pods-iOS_Example.watchOS_Example.release.xcconfig"; sourceTree = "<group>"; };
		69C9BE91CFB29A085FDAF349 /* Pods-macOS_Example.release.xcconfig */ = {isa = PBXFileReference; includeInIndex = 1; lastKnownFileType = text.xcconfig; name = "Pods-macOS_Example.release.xcconfig"; path = "Target Support Files/Pods-macOS_Example/Pods-macOS_Example.release.xcconfig"; sourceTree = "<group>"; };
		6F76352C8172AA3019523799 /* Pods_iOS_Example_watchOS_Example_watchOS_Example_Extension.framework */ = {isa = PBXFileReference; explicitFileType = wrapper.framework; includeInIndex = 0; path = Pods_iOS_Example_watchOS_Example_watchOS_Example_Extension.framework; sourceTree = BUILT_PRODUCTS_DIR; };
		83B8399D8F12CEA18ED08F53 /* Pods-macOS_Example.debug.xcconfig */ = {isa = PBXFileReference; includeInIndex = 1; lastKnownFileType = text.xcconfig; name = "Pods-macOS_Example.debug.xcconfig"; path = "Target Support Files/Pods-macOS_Example/Pods-macOS_Example.debug.xcconfig"; sourceTree = "<group>"; };
		8420542D159CA3C25CC6B9D9 /* Pods-iOS_Example.debug.xcconfig */ = {isa = PBXFileReference; includeInIndex = 1; lastKnownFileType = text.xcconfig; name = "Pods-iOS_Example.debug.xcconfig"; path = "Target Support Files/Pods-iOS_Example/Pods-iOS_Example.debug.xcconfig"; sourceTree = "<group>"; };
		8A374E957A9DA3DC42B04076 /* Pods_iOS_Example.framework */ = {isa = PBXFileReference; explicitFileType = wrapper.framework; includeInIndex = 0; path = Pods_iOS_Example.framework; sourceTree = BUILT_PRODUCTS_DIR; };
		B98CA5CE1BD0D9ABE18665D0 /* Pods_macOS_Example.framework */ = {isa = PBXFileReference; explicitFileType = wrapper.framework; includeInIndex = 0; path = Pods_macOS_Example.framework; sourceTree = BUILT_PRODUCTS_DIR; };
		BD1B42B7ACCC31780A268BA5 /* Pods_iOS_Example_watchOS_Example.framework */ = {isa = PBXFileReference; explicitFileType = wrapper.framework; includeInIndex = 0; path = Pods_iOS_Example_watchOS_Example.framework; sourceTree = BUILT_PRODUCTS_DIR; };
		D06DD9EF993875688A0B25A6 /* macOS_Example.app */ = {isa = PBXFileReference; explicitFileType = wrapper.application; includeInIndex = 0; path = macOS_Example.app; sourceTree = BUILT_PRODUCTS_DIR; };
		EABCBCFC77FB5E6670599C32 /* Pods-iOS_Example.watchOS_Example.watchOS_Example_Extension.debug.xcconfig */ = {isa = PBXFileReference; includeInIndex = 1; lastKnownFileType = text.xcconfig; name = "Pods-iOS_Example.watchOS_Example.watchOS_Example_Extension.debug.xcconfig"; path = "Target Support Files/Pods-iOS_Example.watchOS_Example.watchOS_Example_Extension/Pods-iOS_Example.watchOS_Example.watchOS_Example_Extension.debug.xcconfig"; sourceTree = "<group>"; };
		EEF1514474D72610760748B6 /* AppDelegate.swift */ = {isa = PBXFileReference; lastKnownFileType = sourcecode.swift; path = AppDelegate.swift; sourceTree = "<group>"; };
		FA2AB5B04E0E70A430D74140 /* Pods-iOS_Example.watchOS_Example.debug.xcconfig */ = {isa = PBXFileReference; includeInIndex = 1; lastKnownFileType = text.xcconfig; name = "Pods-iOS_Example.watchOS_Example.debug.xcconfig"; path = "Target Support Files/Pods-iOS_Example.watchOS_Example/Pods-iOS_Example.watchOS_Example.debug.xcconfig"; sourceTree = "<group>"; };
		FDC384F7BCD821C88E3F8DEF /* Pods-tvOS_Example.debug.xcconfig */ = {isa = PBXFileReference; includeInIndex = 1; lastKnownFileType = text.xcconfig; name = "Pods-tvOS_Example.debug.xcconfig"; path = "Target Support Files/Pods-tvOS_Example/Pods-tvOS_Example.debug.xcconfig"; sourceTree = "<group>"; };
/* End PBXFileReference section */

/* Begin PBXFrameworksBuildPhase section */
		2CD09DD018BD01BA3A21BDBD /* Frameworks */ = {
			isa = PBXFrameworksBuildPhase;
			buildActionMask = 2147483647;
			files = (
				3F025BAC00000861F00F6DEC /* Pods_macOS_Example.framework in Frameworks */,
			);
			runOnlyForDeploymentPostprocessing = 0;
		};
/* End PBXFrameworksBuildPhase section */

/* Begin PBXGroup section */
		204DDCF301CDC3456C30B208 /* macOS */ = {
			isa = PBXGroup;
			children = (
				EEF1514474D72610760748B6 /* AppDelegate.swift */,
			);
			path = macOS;
			sourceTree = "<group>";
		};
		3031F8ABC084F8D43CC56342 /* Products */ = {
			isa = PBXGroup;
			children = (
				D06DD9EF993875688A0B25A6 /* macOS_Example.app */,
			);
			name = Products;
			sourceTree = "<group>";
		};
		54E0667A38E60354DB90F776 = {
			isa = PBXGroup;
			children = (
				204DDCF301CDC3456C30B208 /* macOS */,
				3031F8ABC084F8D43CC56342 /* Products */,
				D6B0701C407FD3D7DB937AE1 /* Pods */,
				F908123EE5CA9A1635620893 /* Frameworks */,
			);
			sourceTree = "<group>";
		};
		D6B0701C407FD3D7DB937AE1 /* Pods */ = {
			isa = PBXGroup;
			children = (
				8420542D159CA3C25CC6B9D9 /* Pods-iOS_Example.debug.xcconfig */,
				1FE1BD9C2DC64CB4B480F6BB /* Pods-iOS_Example.release.xcconfig */,
				FA2AB5B04E0E70A430D74140 /* Pods-iOS_Example.watchOS_Example.debug.xcconfig */,
				3E09523F950CE5416523E721 /* Pods-iOS_Example.watchOS_Example.release.xcconfig */,
				EABCBCFC77FB5E6670599C32 /* Pods-iOS_Example.watchOS_Example.watchOS_Example_Extension.debug.xcconfig */,
				0097D207F86BB70C821123EF /* Pods-iOS_Example.watchOS_Example.watchOS_Example_Extension.release.xcconfig */,
				83B8399D8F12CEA18ED08F53 /* Pods-macOS_Example.debug.xcconfig */,
				69C9BE91CFB29A085FDAF349 /* Pods-macOS_Example.release.xcconfig */,
				FDC384F7BCD821C88E3F8DEF /* Pods-tvOS_Example.debug.xcconfig */,
				0528478928AD359424330612 /* Pods-tvOS_Example.release.xcconfig */,
			);
			path = Pods;
			sourceTree = "<group>";
		};
		F908123EE5CA9A1635620893 /* Frameworks */ = {
			isa = PBXGroup;
			children = (
				8A374E957A9DA3DC42B04076 /* Pods_iOS_Example.framework */,
				BD1B42B7ACCC31780A268BA5 /* Pods_iOS_Example_watchOS_Example.framework */,
				6F76352C8172AA3019523799 /* Pods_iOS_Example_watchOS_Example_watchOS_Example_Extension.framework */,
				B98CA5CE1BD0D9ABE18665D0 /* Pods_macOS_Example.framework */,
				18CF82576333DF3DF85A747C /* Pods_tvOS_Example.framework */,
			);
			name = Frameworks;
			sourceTree = "<group>";
		};
/* End PBXGroup section */

/* Begin PBXNativeTarget section */
		A793A340BE0EEB00085E850C /* macOS_Example */ = {
			isa = PBXNativeTarget;
			buildConfigurationList = 9604A4258367D246D763FFA4 /* Build configuration list for PBXNativeTarget "macOS_Example" */;
			buildPhases = (
				8A48CF5E49C5BFBD2FF6954C /* [CP] Check Pods Manifest.lock */,
				A138D97D1B0A12BA7492CDCE /* Sources */,
				2CD09DD018BD01BA3A21BDBD /* Frameworks */,
				24FC69B53ABC6D45170B4BA2 /* [CP] Embed Pods Frameworks */,
			);
			buildRules = (
			);
			dependencies = (
			);
			name = macOS_Example;
			productName = macOS_Example;
			productReference = D06DD9EF993875688A0B25A6 /* macOS_Example.app */;
			productType = "com.apple.product-type.application";
		};
/* End PBXNativeTarget section */

/* Begin PBXProject section */
		CA8E1E974698BC95958F017F /* Project object */ = {
			isa = PBXProject;
			attributes = {
				LastUpgradeCheck = 1020;
			};
			buildConfigurationList = 36FC72E69D906F48675C62BF /* Build configuration list for PBXProject "Example" */;
			compatibilityVersion = "Xcode 10.0";
			developmentRegion = en;
			hasScannedForEncodings = 0;
			knownRegions = (
				en,
			);
			mainGroup = 54E0667A38E60354DB90F776;
			productRefGroup = 3031F8ABC084F8D43CC56342 /* Products */;
			projectDirPath = "";
			projectRoot = "";
			targets = (
				A793A340BE0EEB00085E850C /* macOS_Example */,
			);
		};
/* End PBXProject section */

/* Begin PBXShellScriptBuildPhase section */
		24FC69B53ABC6D45170B4BA2 /* [CP] Embed Pods Frameworks */ = {
			isa = PBXShellScriptBuildPhase;
			buildActionMask = 2147483647;
			files = (
			);
			inputFileListPaths = (
				"${PODS_ROOT}/Target Support Files/Pods-macOS_Example/Pods-macOS_Example-frameworks-${CONFIGURATION}-input-files.xcfilelist",
			);
			name = "[CP] Embed Pods Frameworks";
			outputFileListPaths = (
				"${PODS_ROOT}/Target Support Files/Pods-macOS_Example/Pods-macOS_Example-frameworks-${CONFIGURATION}-output-files.xcfilelist",
			);
			runOnlyForDeploymentPostprocessing = 0;
			shellPath = /bin/sh;
			shellScript = "\"${PODS_ROOT}/Target Support Files/Pods-macOS_Example/Pods-macOS_Example-frameworks.sh\"\n";
			showEnvVarsInLog = 0;
		};
		8A48CF5E49C5BFBD2FF6954C /* [CP] Check Pods Manifest.lock */ = {
			isa = PBXShellScriptBuildPhase;
			buildActionMask = 2147483647;
			files = (
			);
			inputFileListPaths = (
			);
			inputPaths = (
				"${PODS_PODFILE_DIR_PATH}/Podfile.lock",
				"${PODS_ROOT}/Manifest.lock",
			);
			name = "[CP] Check Pods Manifest.lock";
			outputFileListPaths = (
			);
			outputPaths = (
				"$(DERIVED_FILE_DIR)/Pods-macOS_Example-checkManifestLockResult.txt",
			);
			runOnlyForDeploymentPostprocessing = 0;
			shellPath = /bin/sh;
			shellScript = "diff \"${PODS_PODFILE_DIR_PATH}/Podfile.lock\" \"${PODS_ROOT}/Manifest.lock\" > /dev/null\nif [ $? != 0 ] ; then\n    # print error to STDERR\n    echo \"error: The sandbox is not in sync with the Podfile.lock. Run 'pod install' or update your CocoaPods installation.\" >&2\n    exit 1\nfi\n# This output is used by Xcode 'outputs' to avoid re-running this script phase.\necho \"SUCCESS\" > \"${SCRIPT_OUTPUT_FILE_0}\"\n";
			showEnvVarsInLog = 0;
		};
/* End PBXShellScriptBuildPhase section */

/* Begin PBXSourcesBuildPhase section */
		A138D97D1B0A12BA7492CDCE /* Sources */ = {
			isa = PBXSourcesBuildPhase;
			buildActionMask = 2147483647;
			files = (
				0A9E5B6991A3C0DB56409AC2 /* AppDelegate.swift in Sources */,
			);
			runOnlyForDeploymentPostprocessing = 0;
		};
/* End PBXSourcesBuildPhase section */

/* Begin XCBuildConfiguration section */
		398A5AFCD69E760DF19875AD /* Release */ = {
			isa = XCBuildConfiguration;
			buildSettings = {
				ALWAYS_SEARCH_USER_PATHS = NO;
				CLANG_ANALYZER_NONNULL = YES;
				CLANG_ANALYZER_NUMBER_OBJECT_CONVERSION = YES_AGGRESSIVE;
				CLANG_CXX_LANGUAGE_STANDARD = "gnu++14";
				CLANG_CXX_LIBRARY = "libc++";
				CLANG_ENABLE_MODULES = YES;
				CLANG_ENABLE_OBJC_ARC = YES;
				CLANG_WARN_BLOCK_CAPTURE_AUTORELEASING = YES;
				CLANG_WARN_BOOL_CONVERSION = YES;
				CLANG_WARN_COMMA = YES;
				CLANG_WARN_CONSTANT_CONVERSION = YES;
				CLANG_WARN_DEPRECATED_OBJC_IMPLEMENTATIONS = YES;
				CLANG_WARN_DIRECT_OBJC_ISA_USAGE = YES_ERROR;
				CLANG_WARN_DOCUMENTATION_COMMENTS = YES;
				CLANG_WARN_EMPTY_BODY = YES;
				CLANG_WARN_ENUM_CONVERSION = YES;
				CLANG_WARN_INFINITE_RECURSION = YES;
				CLANG_WARN_INT_CONVERSION = YES;
				CLANG_WARN_NON_LITERAL_NULL_CONVERSION = YES;
				CLANG_WARN_OBJC_IMPLICIT_RETAIN_SELF = YES;
				CLANG_WARN_OBJC_LITERAL_CONVERSION = YES;
				CLANG_WARN_OBJC_ROOT_CLASS = YES_ERROR;
				CLANG_WARN_RANGE_LOOP_ANALYSIS = YES;
				CLANG_WARN_STRICT_PROTOTYPES = YES;
				CLANG_WARN_SUSPICIOUS_MOVE = YES;
				CLANG_WARN_UNGUARDED_AVAILABILITY = YES_AGGRESSIVE;
				CLANG_WARN_UNREACHABLE_CODE = YES;
				CLANG_WARN__DUPLICATE_METHOD_MATCH = YES;
				COPY_PHASE_STRIP = NO;
				DEBUG_INFORMATION_FORMAT = "dwarf-with-dsym";
				ENABLE_NS_ASSERTIONS = NO;
				ENABLE_STRICT_OBJC_MSGSEND = YES;
				GCC_C_LANGUAGE_STANDARD = gnu11;
				GCC_NO_COMMON_BLOCKS = YES;
				GCC_WARN_64_TO_32_BIT_CONVERSION = YES;
				GCC_WARN_ABOUT_RETURN_TYPE = YES_ERROR;
				GCC_WARN_UNDECLARED_SELECTOR = YES;
				GCC_WARN_UNINITIALIZED_AUTOS = YES_AGGRESSIVE;
				GCC_WARN_UNUSED_FUNCTION = YES;
				GCC_WARN_UNUSED_VARIABLE = YES;
				PRODUCT_NAME = "$(TARGET_NAME)";
				SWIFT_COMPILATION_MODE = wholemodule;
				SWIFT_VERSION = 5.0;
				VALIDATE_PRODUCT = YES;
			};
			name = Release;
		};
		7FA9E27156EDBDCD33635353 /* Release */ = {
			isa = XCBuildConfiguration;
			baseConfigurationReference = 69C9BE91CFB29A085FDAF349 /* Pods-macOS_Example.release.xcconfig */;
			buildSettings = {
				ASSETCATALOG_COMPILER_APPICON_NAME = AppIcon;
				COMBINE_HIDPI_IMAGES = YES;
				LD_RUNPATH_SEARCH_PATHS = (
					"$(inherited)",
					"@executable_path/../Frameworks",
				);
				MACOSX_DEPLOYMENT_TARGET = 10.10;
				PRODUCT_BUNDLE_IDENTIFIER = "com.brightdigit.macOS-Example";
				SDKROOT = macosx;
			};
			name = Release;
		};
		CDA3AEEE35A7C5E75A03B183 /* Debug */ = {
			isa = XCBuildConfiguration;
			baseConfigurationReference = 83B8399D8F12CEA18ED08F53 /* Pods-macOS_Example.debug.xcconfig */;
			buildSettings = {
				ASSETCATALOG_COMPILER_APPICON_NAME = AppIcon;
				COMBINE_HIDPI_IMAGES = YES;
				LD_RUNPATH_SEARCH_PATHS = (
					"$(inherited)",
					"@executable_path/../Frameworks",
				);
				MACOSX_DEPLOYMENT_TARGET = 10.10;
				PRODUCT_BUNDLE_IDENTIFIER = "com.brightdigit.macOS-Example";
				SDKROOT = macosx;
			};
			name = Debug;
		};
		F92DAFD0CD6CB829E820A349 /* Debug */ = {
			isa = XCBuildConfiguration;
			buildSettings = {
				ALWAYS_SEARCH_USER_PATHS = NO;
				CLANG_ANALYZER_NONNULL = YES;
				CLANG_ANALYZER_NUMBER_OBJECT_CONVERSION = YES_AGGRESSIVE;
				CLANG_CXX_LANGUAGE_STANDARD = "gnu++14";
				CLANG_CXX_LIBRARY = "libc++";
				CLANG_ENABLE_MODULES = YES;
				CLANG_ENABLE_OBJC_ARC = YES;
				CLANG_WARN_BLOCK_CAPTURE_AUTORELEASING = YES;
				CLANG_WARN_BOOL_CONVERSION = YES;
				CLANG_WARN_COMMA = YES;
				CLANG_WARN_CONSTANT_CONVERSION = YES;
				CLANG_WARN_DEPRECATED_OBJC_IMPLEMENTATIONS = YES;
				CLANG_WARN_DIRECT_OBJC_ISA_USAGE = YES_ERROR;
				CLANG_WARN_DOCUMENTATION_COMMENTS = YES;
				CLANG_WARN_EMPTY_BODY = YES;
				CLANG_WARN_ENUM_CONVERSION = YES;
				CLANG_WARN_INFINITE_RECURSION = YES;
				CLANG_WARN_INT_CONVERSION = YES;
				CLANG_WARN_NON_LITERAL_NULL_CONVERSION = YES;
				CLANG_WARN_OBJC_IMPLICIT_RETAIN_SELF = YES;
				CLANG_WARN_OBJC_LITERAL_CONVERSION = YES;
				CLANG_WARN_OBJC_ROOT_CLASS = YES_ERROR;
				CLANG_WARN_RANGE_LOOP_ANALYSIS = YES;
				CLANG_WARN_STRICT_PROTOTYPES = YES;
				CLANG_WARN_SUSPICIOUS_MOVE = YES;
				CLANG_WARN_UNGUARDED_AVAILABILITY = YES_AGGRESSIVE;
				CLANG_WARN_UNREACHABLE_CODE = YES;
				CLANG_WARN__DUPLICATE_METHOD_MATCH = YES;
				COPY_PHASE_STRIP = NO;
				DEBUG_INFORMATION_FORMAT = dwarf;
				ENABLE_STRICT_OBJC_MSGSEND = YES;
				ENABLE_TESTABILITY = YES;
				GCC_C_LANGUAGE_STANDARD = gnu11;
				GCC_DYNAMIC_NO_PIC = NO;
				GCC_NO_COMMON_BLOCKS = YES;
				GCC_OPTIMIZATION_LEVEL = 0;
				GCC_PREPROCESSOR_DEFINITIONS = (
					"$(inherited)",
					"DEBUG=1",
				);
				GCC_WARN_64_TO_32_BIT_CONVERSION = YES;
				GCC_WARN_ABOUT_RETURN_TYPE = YES_ERROR;
				GCC_WARN_UNDECLARED_SELECTOR = YES;
				GCC_WARN_UNINITIALIZED_AUTOS = YES_AGGRESSIVE;
				GCC_WARN_UNUSED_FUNCTION = YES;
				GCC_WARN_UNUSED_VARIABLE = YES;
				MTL_ENABLE_DEBUG_INFO = YES;
				ONLY_ACTIVE_ARCH = YES;
				PRODUCT_NAME = "$(TARGET_NAME)";
				SWIFT_ACTIVE_COMPILATION_CONDITIONS = DEBUG;
				SWIFT_OPTIMIZATION_LEVEL = "-Onone";
				SWIFT_VERSION = 5.0;
			};
			name = Debug;
		};
/* End XCBuildConfiguration section */

/* Begin XCConfigurationList section */
		36FC72E69D906F48675C62BF /* Build configuration list for PBXProject "Example" */ = {
			isa = XCConfigurationList;
			buildConfigurations = (
				F92DAFD0CD6CB829E820A349 /* Debug */,
				398A5AFCD69E760DF19875AD /* Release */,
			);
			defaultConfigurationIsVisible = 0;
			defaultConfigurationName = Debug;
		};
		9604A4258367D246D763FFA4 /* Build configuration list for PBXNativeTarget "macOS_Example" */ = {
			isa = XCConfigurationList;
			buildConfigurations = (
				CDA3AEEE35A7C5E75A03B183 /* Debug */,
				7FA9E27156EDBDCD33635353 /* Release */,
			);
			defaultConfigurationIsVisible = 0;
			defaultConfigurationName = Debug;
		};
/* End XCConfigurationList section */
	};
	rootObject = CA8E1E974698BC95958F017F /* Project object */;
}
